
Microsoft Visual Studio Solution File, Format Version 12.00
# Visual Studio 15
VisualStudioVersion = 15.0.27428.2015
MinimumVisualStudioVersion = 10.0.40219.1
Project("{FAE04EC0-301F-11D3-BF4B-00C04F79EFBC}") = "TEST_true", "TEST_true\TEST_true.csproj", "{6EB1948A-FB49-401E-B525-0FFB327A7635}"
EndProject
Global
	GlobalSection(SolutionConfigurationPlatforms) = preSolution
		Debug|Any CPU = Debug|Any CPU
		Release|Any CPU = Release|Any CPU
	EndGlobalSection
	GlobalSection(ProjectConfigurationPlatforms) = postSolution
		{6EB1948A-FB49-401E-B525-0FFB327A7635}.Debug|Any CPU.ActiveCfg = Debug|Any CPU
		{6EB1948A-FB49-401E-B525-0FFB327A7635}.Debug|Any CPU.Build.0 = Debug|Any CPU
		{6EB1948A-FB49-401E-B525-0FFB327A7635}.Release|Any CPU.ActiveCfg = Release|Any CPU
		{6EB1948A-FB49-401E-B525-0FFB327A7635}.Release|Any CPU.Build.0 = Release|Any CPU
	EndGlobalSection
	GlobalSection(SolutionProperties) = preSolution
		HideSolutionNode = FALSE
	EndGlobalSection
	GlobalSection(ExtensibilityGlobals) = postSolution
		SolutionGuid = {0213BBCA-29A1-46BD-9979-3DFF6C0C4E08}
	EndGlobalSection
EndGlobal
